
Microsoft Visual Studio Solution File, Format Version 12.00
# Visual Studio Version 17
VisualStudioVersion = 17.13.35825.156
MinimumVisualStudioVersion = 10.0.40219.1
Project("{FAE04EC0-301F-11D3-BF4B-00C04F79EFBC}") = "CekikilaWasm", "CekikilaWasm\CekikilaWasm.csproj", "{DADE9EDA-845C-4837-9B43-4C0750177598}"
EndProject
Global
	GlobalSection(SolutionConfigurationPlatforms) = preSolution
		Debug|Any CPU = Debug|Any CPU
		Release|Any CPU = Release|Any CPU
	EndGlobalSection
	GlobalSection(ProjectConfigurationPlatforms) = postSolution
		{DADE9EDA-845C-4837-9B43-4C0750177598}.Debug|Any CPU.ActiveCfg = Debug|Any CPU
		{DADE9EDA-845C-4837-9B43-4C0750177598}.Debug|Any CPU.Build.0 = Debug|Any CPU
		{DADE9EDA-845C-4837-9B43-4C0750177598}.Release|Any CPU.ActiveCfg = Release|Any CPU
		{DADE9EDA-845C-4837-9B43-4C0750177598}.Release|Any CPU.Build.0 = Release|Any CPU
	EndGlobalSection
	GlobalSection(SolutionProperties) = preSolution
		HideSolutionNode = FALSE
	EndGlobalSection
	GlobalSection(ExtensibilityGlobals) = postSolution
		SolutionGuid = {2476E17A-2E80-46A1-BFC4-880BE21D6D7F}
	EndGlobalSection
EndGlobal
